# company-card-v2-python-lock-v1
# target-python: 3.12.11
# target-platform: linux_x86_64_manylinux2014
# resolver: pip==25.1.1
# resolver-wheel-sha256: 2913a38a2abf4ea6b64ab507bd9e967f3b53dc1ede74b01b0931e1ce548751af
# generated: 2026-08-28
# binary wheels only; install with --no-deps --only-binary=:all: --require-hashes

pip==25.1.1 --hash=sha256:2913a38a2abf4ea6b64ab507bd9e967f3b53dc1ede74b01b0931e1ce548751af
setuptools==80.9.0 --hash=sha256:062d34222ad13e0cc312a4c02d73f059e86a4acbfbdea8f8f76b28c99f306922
wheel==0.45.1 --hash=sha256:708e7481cc80179af0e556bbf0cc00b8444c7321e2700b8d8580231d13017248
